// !$*UTF8*$!
{
	archiveVersion = 1;
	classes = {
	};
	objectVersion = 56;
	objects = {

/* Begin PBXBuildFile section */
		4E18590F2A32E2CF002BF48C /* AppDelegate.swift in Sources */ = {isa = PBXBuildFile; fileRef = 4E18590E2A32E2CF002BF48C /* AppDelegate.swift */; };
		4E1859112A32E2CF002BF48C /* SceneDelegate.swift in Sources */ = {isa = PBXBuildFile; fileRef = 4E1859102A32E2CF002BF48C /* SceneDelegate.swift */; };
		4E1859132A32E2CF002BF48C /* MainViewController.swift in Sources */ = {isa = PBXBuildFile; fileRef = 4E1859122A32E2CF002BF48C /* MainViewController.swift */; };
		4E1859182A32E2CF002BF48C /* Assets.xcassets in Resources */ = {isa = PBXBuildFile; fileRef = 4E1859172A32E2CF002BF48C /* Assets.xcassets */; };
		4E18591B2A32E2CF002BF48C /* LaunchScreen.storyboard in Resources */ = {isa = PBXBuildFile; fileRef = 4E1859192A32E2CF002BF48C /* LaunchScreen.storyboard */; };
		4E1859252A32E6B7002BF48C /* MessageTextField.swift in Sources */ = {isa = PBXBuildFile; fileRef = 4E1859242A32E6B7002BF48C /* MessageTextField.swift */; };
		4E365A4B2A32FAD20026D299 /* MessageTableView.swift in Sources */ = {isa = PBXBuildFile; fileRef = 4E365A4A2A32FAD20026D299 /* MessageTableView.swift */; };
		4E365A4D2A32FB880026D299 /* Coordinator.swift in Sources */ = {isa = PBXBuildFile; fileRef = 4E365A4C2A32FB880026D299 /* Coordinator.swift */; };
		4E365A502A32FF6F0026D299 /* MessageCell.swift in Sources */ = {isa = PBXBuildFile; fileRef = 4E365A4F2A32FF6F0026D299 /* MessageCell.swift */; };
		4E365A552A3308400026D299 /* RealmHelper.swift in Sources */ = {isa = PBXBuildFile; fileRef = 4E365A542A3308400026D299 /* RealmHelper.swift */; };
		4E365A572A3310E00026D299 /* ImageLoader.swift in Sources */ = {isa = PBXBuildFile; fileRef = 4E365A562A3310E00026D299 /* ImageLoader.swift */; };
/* End PBXBuildFile section */

/* Begin PBXFileReference section */
		4E18590B2A32E2CF002BF48C /* SoloChat.app */ = {isa = PBXFileReference; explicitFileType = wrapper.application; includeInIndex = 0; path = SoloChat.app; sourceTree = BUILT_PRODUCTS_DIR; };
		4E18590E2A32E2CF002BF48C /* AppDelegate.swift */ = {isa = PBXFileReference; lastKnownFileType = sourcecode.swift; path = AppDelegate.swift; sourceTree = "<group>"; };
		4E1859102A32E2CF002BF48C /* SceneDelegate.swift */ = {isa = PBXFileReference; lastKnownFileType = sourcecode.swift; path = SceneDelegate.swift; sourceTree = "<group>"; };
		4E1859122A32E2CF002BF48C /* MainViewController.swift */ = {isa = PBXFileReference; lastKnownFileType = sourcecode.swift; path = MainViewController.swift; sourceTree = "<group>"; };
		4E1859172A32E2CF002BF48C /* Assets.xcassets */ = {isa = PBXFileReference; lastKnownFileType = folder.assetcatalog; path = Assets.xcassets; sourceTree = "<group>"; };
		4E18591A2A32E2CF002BF48C /* Base */ = {isa = PBXFileReference; lastKnownFileType = file.storyboard; name = Base; path = Base.lproj/LaunchScreen.storyboard; sourceTree = "<group>"; };
		4E18591C2A32E2CF002BF48C /* Info.plist */ = {isa = PBXFileReference; lastKnownFileType = text.plist.xml; path = Info.plist; sourceTree = "<group>"; };
		4E1859242A32E6B7002BF48C /* MessageTextField.swift */ = {isa = PBXFileReference; lastKnownFileType = sourcecode.swift; path = MessageTextField.swift; sourceTree = "<group>"; };
		4E365A4A2A32FAD20026D299 /* MessageTableView.swift */ = {isa = PBXFileReference; lastKnownFileType = sourcecode.swift; path = MessageTableView.swift; sourceTree = "<group>"; };
		4E365A4C2A32FB880026D299 /* Coordinator.swift */ = {isa = PBXFileReference; lastKnownFileType = sourcecode.swift; path = Coordinator.swift; sourceTree = "<group>"; };
		4E365A4F2A32FF6F0026D299 /* MessageCell.swift */ = {isa = PBXFileReference; lastKnownFileType = sourcecode.swift; path = MessageCell.swift; sourceTree = "<group>"; };
		4E365A542A3308400026D299 /* RealmHelper.swift */ = {isa = PBXFileReference; lastKnownFileType = sourcecode.swift; path = RealmHelper.swift; sourceTree = "<group>"; };
		4E365A562A3310E00026D299 /* ImageLoader.swift */ = {isa = PBXFileReference; lastKnownFileType = sourcecode.swift; path = ImageLoader.swift; sourceTree = "<group>"; };
/* End PBXFileReference section */

/* Begin PBXFrameworksBuildPhase section */
		4E1859082A32E2CF002BF48C /* Frameworks */ = {
			isa = PBXFrameworksBuildPhase;
			buildActionMask = 2147483647;
			files = (
			);
			runOnlyForDeploymentPostprocessing = 0;
		};
/* End PBXFrameworksBuildPhase section */

/* Begin PBXGroup section */
		4E1859022A32E2CF002BF48C = {
			isa = PBXGroup;
			children = (
				4E18590D2A32E2CF002BF48C /* SoloChat */,
				4E18590C2A32E2CF002BF48C /* Products */,
			);
			sourceTree = "<group>";
		};
		4E18590C2A32E2CF002BF48C /* Products */ = {
			isa = PBXGroup;
			children = (
				4E18590B2A32E2CF002BF48C /* SoloChat.app */,
			);
			name = Products;
			sourceTree = "<group>";
		};
		4E18590D2A32E2CF002BF48C /* SoloChat */ = {
			isa = PBXGroup;
			children = (
				4E1859222A32E36A002BF48C /* Core */,
				4E1859232A32E385002BF48C /* Modules */,
			);
			path = SoloChat;
			sourceTree = "<group>";
		};
		4E1859222A32E36A002BF48C /* Core */ = {
			isa = PBXGroup;
			children = (
				4E18590E2A32E2CF002BF48C /* AppDelegate.swift */,
				4E1859102A32E2CF002BF48C /* SceneDelegate.swift */,
				4E1859172A32E2CF002BF48C /* Assets.xcassets */,
				4E1859192A32E2CF002BF48C /* LaunchScreen.storyboard */,
				4E18591C2A32E2CF002BF48C /* Info.plist */,
			);
			path = Core;
			sourceTree = "<group>";
		};
		4E1859232A32E385002BF48C /* Modules */ = {
			isa = PBXGroup;
			children = (
				4E365A4E2A32FB8B0026D299 /* Model */,
				4E1859122A32E2CF002BF48C /* MainViewController.swift */,
				4E1859242A32E6B7002BF48C /* MessageTextField.swift */,
				4E365A512A32FF950026D299 /* MessageTableView */,
			);
			path = Modules;
			sourceTree = "<group>";
		};
		4E365A4E2A32FB8B0026D299 /* Model */ = {
			isa = PBXGroup;
			children = (
				4E365A4C2A32FB880026D299 /* Coordinator.swift */,
				4E365A542A3308400026D299 /* RealmHelper.swift */,
				4E365A562A3310E00026D299 /* ImageLoader.swift */,
			);
			path = Model;
			sourceTree = "<group>";
		};
		4E365A512A32FF950026D299 /* MessageTableView */ = {
			isa = PBXGroup;
			children = (
				4E365A4A2A32FAD20026D299 /* MessageTableView.swift */,
				4E365A4F2A32FF6F0026D299 /* MessageCell.swift */,
			);
			path = MessageTableView;
			sourceTree = "<group>";
		};
/* End PBXGroup section */

/* Begin PBXNativeTarget section */
		4E18590A2A32E2CF002BF48C /* SoloChat */ = {
			isa = PBXNativeTarget;
			buildConfigurationList = 4E18591F2A32E2CF002BF48C /* Build configuration list for PBXNativeTarget "SoloChat" */;
			buildPhases = (
				4E1859072A32E2CF002BF48C /* Sources */,
				4E1859082A32E2CF002BF48C /* Frameworks */,
				4E1859092A32E2CF002BF48C /* Resources */,
			);
			buildRules = (
			);
			dependencies = (
			);
			name = SoloChat;
			productName = SoloChat;
			productReference = 4E18590B2A32E2CF002BF48C /* SoloChat.app */;
			productType = "com.apple.product-type.application";
		};
/* End PBXNativeTarget section */

/* Begin PBXProject section */
		4E1859032A32E2CF002BF48C /* Project object */ = {
			isa = PBXProject;
			attributes = {
				BuildIndependentTargetsInParallel = 1;
				LastSwiftUpdateCheck = 1430;
				LastUpgradeCheck = 1430;
				TargetAttributes = {
					4E18590A2A32E2CF002BF48C = {
						CreatedOnToolsVersion = 14.3;
					};
				};
			};
			buildConfigurationList = 4E1859062A32E2CF002BF48C /* Build configuration list for PBXProject "SoloChat" */;
			compatibilityVersion = "Xcode 14.0";
			developmentRegion = en;
			hasScannedForEncodings = 0;
			knownRegions = (
				en,
				Base,
			);
			mainGroup = 4E1859022A32E2CF002BF48C;
			productRefGroup = 4E18590C2A32E2CF002BF48C /* Products */;
			projectDirPath = "";
			projectRoot = "";
			targets = (
				4E18590A2A32E2CF002BF48C /* SoloChat */,
			);
		};
/* End PBXProject section */

/* Begin PBXResourcesBuildPhase section */
		4E1859092A32E2CF002BF48C /* Resources */ = {
			isa = PBXResourcesBuildPhase;
			buildActionMask = 2147483647;
			files = (
				4E18591B2A32E2CF002BF48C /* LaunchScreen.storyboard in Resources */,
				4E1859182A32E2CF002BF48C /* Assets.xcassets in Resources */,
			);
			runOnlyForDeploymentPostprocessing = 0;
		};
/* End PBXResourcesBuildPhase section */

/* Begin PBXSourcesBuildPhase section */
		4E1859072A32E2CF002BF48C /* Sources */ = {
			isa = PBXSourcesBuildPhase;
			buildActionMask = 2147483647;
			files = (
				4E1859132A32E2CF002BF48C /* MainViewController.swift in Sources */,
				4E18590F2A32E2CF002BF48C /* AppDelegate.swift in Sources */,
				4E365A4D2A32FB880026D299 /* Coordinator.swift in Sources */,
				4E365A4B2A32FAD20026D299 /* MessageTableView.swift in Sources */,
				4E1859112A32E2CF002BF48C /* SceneDelegate.swift in Sources */,
				4E365A572A3310E00026D299 /* ImageLoader.swift in Sources */,
				4E365A552A3308400026D299 /* RealmHelper.swift in Sources */,
				4E1859252A32E6B7002BF48C /* MessageTextField.swift in Sources */,
				4E365A502A32FF6F0026D299 /* MessageCell.swift in Sources */,
			);
			runOnlyForDeploymentPostprocessing = 0;
		};
/* End PBXSourcesBuildPhase section */

/* Begin PBXVariantGroup section */
		4E1859192A32E2CF002BF48C /* LaunchScreen.storyboard */ = {
			isa = PBXVariantGroup;
			children = (
				4E18591A2A32E2CF002BF48C /* Base */,
			);
			name = LaunchScreen.storyboard;
			sourceTree = "<group>";
		};
/* End PBXVariantGroup section */

/* Begin XCBuildConfiguration section */
		4E18591D2A32E2CF002BF48C /* Debug */ = {
			isa = XCBuildConfiguration;
			buildSettings = {
				ALWAYS_SEARCH_USER_PATHS = NO;
				CLANG_ANALYZER_NONNULL = YES;
				CLANG_ANALYZER_NUMBER_OBJECT_CONVERSION = YES_AGGRESSIVE;
				CLANG_CXX_LANGUAGE_STANDARD = "gnu++20";
				CLANG_ENABLE_MODULES = YES;
				CLANG_ENABLE_OBJC_ARC = YES;
				CLANG_ENABLE_OBJC_WEAK = YES;
				CLANG_WARN_BLOCK_CAPTURE_AUTORELEASING = YES;
				CLANG_WARN_BOOL_CONVERSION = YES;
				CLANG_WARN_COMMA = YES;
				CLANG_WARN_CONSTANT_CONVERSION = YES;
				CLANG_WARN_DEPRECATED_OBJC_IMPLEMENTATIONS = YES;
				CLANG_WARN_DIRECT_OBJC_ISA_USAGE = YES_ERROR;
				CLANG_WARN_DOCUMENTATION_COMMENTS = YES;
				CLANG_WARN_EMPTY_BODY = YES;
				CLANG_WARN_ENUM_CONVERSION = YES;
				CLANG_WARN_INFINITE_RECURSION = YES;
				CLANG_WARN_INT_CONVERSION = YES;
				CLANG_WARN_NON_LITERAL_NULL_CONVERSION = YES;
				CLANG_WARN_OBJC_IMPLICIT_RETAIN_SELF = YES;
				CLANG_WARN_OBJC_LITERAL_CONVERSION = YES;
				CLANG_WARN_OBJC_ROOT_CLASS = YES_ERROR;
				CLANG_WARN_QUOTED_INCLUDE_IN_FRAMEWORK_HEADER = YES;
				CLANG_WARN_RANGE_LOOP_ANALYSIS = YES;
				CLANG_WARN_STRICT_PROTOTYPES = YES;
				CLANG_WARN_SUSPICIOUS_MOVE = YES;
				CLANG_WARN_UNGUARDED_AVAILABILITY = YES_AGGRESSIVE;
				CLANG_WARN_UNREACHABLE_CODE = YES;
				CLANG_WARN__DUPLICATE_METHOD_MATCH = YES;
				COPY_PHASE_STRIP = NO;
				DEBUG_INFORMATION_FORMAT = dwarf;
				ENABLE_STRICT_OBJC_MSGSEND = YES;
				ENABLE_TESTABILITY = YES;
				GCC_C_LANGUAGE_STANDARD = gnu11;
				GCC_DYNAMIC_NO_PIC = NO;
				GCC_NO_COMMON_BLOCKS = YES;
				GCC_OPTIMIZATION_LEVEL = 0;
				GCC_PREPROCESSOR_DEFINITIONS = (
					"DEBUG=1",
					"$(inherited)",
				);
				GCC_WARN_64_TO_32_BIT_CONVERSION = YES;
				GCC_WARN_ABOUT_RETURN_TYPE = YES_ERROR;
				GCC_WARN_UNDECLARED_SELECTOR = YES;
				GCC_WARN_UNINITIALIZED_AUTOS = YES_AGGRESSIVE;
				GCC_WARN_UNUSED_FUNCTION = YES;
				GCC_WARN_UNUSED_VARIABLE = YES;
				IPHONEOS_DEPLOYMENT_TARGET = 16.4;
				MTL_ENABLE_DEBUG_INFO = INCLUDE_SOURCE;
				MTL_FAST_MATH = YES;
				ONLY_ACTIVE_ARCH = YES;
				SDKROOT = iphoneos;
				SWIFT_ACTIVE_COMPILATION_CONDITIONS = DEBUG;
				SWIFT_OPTIMIZATION_LEVEL = "-Onone";
			};
			name = Debug;
		};
		4E18591E2A32E2CF002BF48C /* Release */ = {
			isa = XCBuildConfiguration;
			buildSettings = {
				ALWAYS_SEARCH_USER_PATHS = NO;
				CLANG_ANALYZER_NONNULL = YES;
				CLANG_ANALYZER_NUMBER_OBJECT_CONVERSION = YES_AGGRESSIVE;
				CLANG_CXX_LANGUAGE_STANDARD = "gnu++20";
				CLANG_ENABLE_MODULES = YES;
				CLANG_ENABLE_OBJC_ARC = YES;
				CLANG_ENABLE_OBJC_WEAK = YES;
				CLANG_WARN_BLOCK_CAPTURE_AUTORELEASING = YES;
				CLANG_WARN_BOOL_CONVERSION = YES;
				CLANG_WARN_COMMA = YES;
				CLANG_WARN_CONSTANT_CONVERSION = YES;
				CLANG_WARN_DEPRECATED_OBJC_IMPLEMENTATIONS = YES;
				CLANG_WARN_DIRECT_OBJC_ISA_USAGE = YES_ERROR;
				CLANG_WARN_DOCUMENTATION_COMMENTS = YES;
				CLANG_WARN_EMPTY_BODY = YES;
				CLANG_WARN_ENUM_CONVERSION = YES;
				CLANG_WARN_INFINITE_RECURSION = YES;
				CLANG_WARN_INT_CONVERSION = YES;
				CLANG_WARN_NON_LITERAL_NULL_CONVERSION = YES;
				CLANG_WARN_OBJC_IMPLICIT_RETAIN_SELF = YES;
				CLANG_WARN_OBJC_LITERAL_CONVERSION = YES;
				CLANG_WARN_OBJC_ROOT_CLASS = YES_ERROR;
				CLANG_WARN_QUOTED_INCLUDE_IN_FRAMEWORK_HEADER = YES;
				CLANG_WARN_RANGE_LOOP_ANALYSIS = YES;
				CLANG_WARN_STRICT_PROTOTYPES = YES;
				CLANG_WARN_SUSPICIOUS_MOVE = YES;
				CLANG_WARN_UNGUARDED_AVAILABILITY = YES_AGGRESSIVE;
				CLANG_WARN_UNREACHABLE_CODE = YES;
				CLANG_WARN__DUPLICATE_METHOD_MATCH = YES;
				COPY_PHASE_STRIP = NO;
				DEBUG_INFORMATION_FORMAT = "dwarf-with-dsym";
				ENABLE_NS_ASSERTIONS = NO;
				ENABLE_STRICT_OBJC_MSGSEND = YES;
				GCC_C_LANGUAGE_STANDARD = gnu11;
				GCC_NO_COMMON_BLOCKS = YES;
				GCC_WARN_64_TO_32_BIT_CONVERSION = YES;
				GCC_WARN_ABOUT_RETURN_TYPE = YES_ERROR;
				GCC_WARN_UNDECLARED_SELECTOR = YES;
				GCC_WARN_UNINITIALIZED_AUTOS = YES_AGGRESSIVE;
				GCC_WARN_UNUSED_FUNCTION = YES;
				GCC_WARN_UNUSED_VARIABLE = YES;
				IPHONEOS_DEPLOYMENT_TARGET = 16.4;
				MTL_ENABLE_DEBUG_INFO = NO;
				MTL_FAST_MATH = YES;
				SDKROOT = iphoneos;
				SWIFT_COMPILATION_MODE = wholemodule;
				SWIFT_OPTIMIZATION_LEVEL = "-O";
				VALIDATE_PRODUCT = YES;
			};
			name = Release;
		};
		4E1859202A32E2CF002BF48C /* Debug */ = {
			isa = XCBuildConfiguration;
			buildSettings = {
				ASSETCATALOG_COMPILER_APPICON_NAME = AppIcon;
				ASSETCATALOG_COMPILER_GLOBAL_ACCENT_COLOR_NAME = AccentColor;
				CODE_SIGN_STYLE = Automatic;
				CURRENT_PROJECT_VERSION = 1;
				DEVELOPMENT_TEAM = TTGBN2B7N7;
				GENERATE_INFOPLIST_FILE = YES;
				INFOPLIST_FILE = SoloChat/Core/Info.plist;
				INFOPLIST_KEY_UIApplicationSupportsIndirectInputEvents = YES;
				INFOPLIST_KEY_UILaunchStoryboardName = LaunchScreen;
				INFOPLIST_KEY_UISupportedInterfaceOrientations_iPad = "UIInterfaceOrientationPortrait UIInterfaceOrientationPortraitUpsideDown UIInterfaceOrientationLandscapeLeft UIInterfaceOrientationLandscapeRight";
				INFOPLIST_KEY_UISupportedInterfaceOrientations_iPhone = "UIInterfaceOrientationPortrait UIInterfaceOrientationLandscapeLeft UIInterfaceOrientationLandscapeRight";
				IPHONEOS_DEPLOYMENT_TARGET = 15;
				LD_RUNPATH_SEARCH_PATHS = (
					"$(inherited)",
					"@executable_path/Frameworks",
				);
				MARKETING_VERSION = 1.0;
				PRODUCT_BUNDLE_IDENTIFIER = eeeyyeeezz.SoloChat;
				PRODUCT_NAME = "$(TARGET_NAME)";
				SWIFT_EMIT_LOC_STRINGS = YES;
				SWIFT_VERSION = 5.0;
				TARGETED_DEVICE_FAMILY = "1,2";
			};
			name = Debug;
		};
		4E1859212A32E2CF002BF48C /* Release */ = {
			isa = XCBuildConfiguration;
			buildSettings = {
				ASSETCATALOG_COMPILER_APPICON_NAME = AppIcon;
				ASSETCATALOG_COMPILER_GLOBAL_ACCENT_COLOR_NAME = AccentColor;
				CODE_SIGN_STYLE = Automatic;
				CURRENT_PROJECT_VERSION = 1;
				DEVELOPMENT_TEAM = TTGBN2B7N7;
				GENERATE_INFOPLIST_FILE = YES;
				INFOPLIST_FILE = SoloChat/Core/Info.plist;
				INFOPLIST_KEY_UIApplicationSupportsIndirectInputEvents = YES;
				INFOPLIST_KEY_UILaunchStoryboardName = LaunchScreen;
				INFOPLIST_KEY_UISupportedInterfaceOrientations_iPad = "UIInterfaceOrientationPortrait UIInterfaceOrientationPortraitUpsideDown UIInterfaceOrientationLandscapeLeft UIInterfaceOrientationLandscapeRight";
				INFOPLIST_KEY_UISupportedInterfaceOrientations_iPhone = "UIInterfaceOrientationPortrait UIInterfaceOrientationLandscapeLeft UIInterfaceOrientationLandscapeRight";
				IPHONEOS_DEPLOYMENT_TARGET = 15;
				LD_RUNPATH_SEARCH_PATHS = (
					"$(inherited)",
					"@executable_path/Frameworks",
				);
				MARKETING_VERSION = 1.0;
				PRODUCT_BUNDLE_IDENTIFIER = eeeyyeeezz.SoloChat;
				PRODUCT_NAME = "$(TARGET_NAME)";
				SWIFT_EMIT_LOC_STRINGS = YES;
				SWIFT_VERSION = 5.0;
				TARGETED_DEVICE_FAMILY = "1,2";
			};
			name = Release;
		};
/* End XCBuildConfiguration section */

/* Begin XCConfigurationList section */
		4E1859062A32E2CF002BF48C /* Build configuration list for PBXProject "SoloChat" */ = {
			isa = XCConfigurationList;
			buildConfigurations = (
				4E18591D2A32E2CF002BF48C /* Debug */,
				4E18591E2A32E2CF002BF48C /* Release */,
			);
			defaultConfigurationIsVisible = 0;
			defaultConfigurationName = Release;
		};
		4E18591F2A32E2CF002BF48C /* Build configuration list for PBXNativeTarget "SoloChat" */ = {
			isa = XCConfigurationList;
			buildConfigurations = (
				4E1859202A32E2CF002BF48C /* Debug */,
				4E1859212A32E2CF002BF48C /* Release */,
			);
			defaultConfigurationIsVisible = 0;
			defaultConfigurationName = Release;
		};
/* End XCConfigurationList section */
	};
	rootObject = 4E1859032A32E2CF002BF48C /* Project object */;
}
