PODS:
  - Realm (10.39.0):
    - Realm/Headers (= 10.39.0)
  - Realm/Headers (10.39.0)
  - RealmSwift (10.39.0):
    - Realm (= 10.39.0)

DEPENDENCIES:
  - RealmSwift

SPEC REPOS:
  trunk:
    - Realm
    - RealmSwift

SPEC CHECKSUMS:
  Realm: c1334b2243da676ce77c28d4f21a67c8d561a9f9
  RealmSwift: 618cb32040ce8de250ae6c509218ee0ead17dcf6

PODFILE CHECKSUM: 2a3f42c2b9917591db6c0a04b4a6223cc6592026

COCOAPODS: 1.12.1
